// !$*UTF8*$!
{
	archiveVersion = 1;
	classes = {
	};
	objectVersion = 50;
	objects = {

/* Begin PBXBuildFile section */
		3E6295D9225DE1290081EE4C /* LinkedListManager.swift in Sources */ = {isa = PBXBuildFile; fileRef = 3E6295D8225DE1290081EE4C /* LinkedListManager.swift */; };
		3EBE63A1224D046C00A16E7E /* AppDelegate.swift in Sources */ = {isa = PBXBuildFile; fileRef = 3EBE63A0224D046C00A16E7E /* AppDelegate.swift */; };
		3EBE63A3224D046C00A16E7E /* ViewController.swift in Sources */ = {isa = PBXBuildFile; fileRef = 3EBE63A2224D046C00A16E7E /* ViewController.swift */; };
		3EBE63A6224D046C00A16E7E /* Main.storyboard in Resources */ = {isa = PBXBuildFile; fileRef = 3EBE63A4224D046C00A16E7E /* Main.storyboard */; };
		3EBE63A9224D046C00A16E7E /* MyDataGit.xcdatamodeld in Sources */ = {isa = PBXBuildFile; fileRef = 3EBE63A7224D046C00A16E7E /* MyDataGit.xcdatamodeld */; };
		3EBE63AB224D046D00A16E7E /* Assets.xcassets in Resources */ = {isa = PBXBuildFile; fileRef = 3EBE63AA224D046D00A16E7E /* Assets.xcassets */; };
		3EBE63AE224D046D00A16E7E /* LaunchScreen.storyboard in Resources */ = {isa = PBXBuildFile; fileRef = 3EBE63AC224D046D00A16E7E /* LaunchScreen.storyboard */; };
		3EBE63C2224D055E00A16E7E /* MainScreenPresenter.swift in Sources */ = {isa = PBXBuildFile; fileRef = 3EBE63BE224D055E00A16E7E /* MainScreenPresenter.swift */; };
		3EBE63C3224D055E00A16E7E /* MainScreenRouter.swift in Sources */ = {isa = PBXBuildFile; fileRef = 3EBE63BF224D055E00A16E7E /* MainScreenRouter.swift */; };
		3EBE63C4224D055E00A16E7E /* MainScreenViewController.swift in Sources */ = {isa = PBXBuildFile; fileRef = 3EBE63C0224D055E00A16E7E /* MainScreenViewController.swift */; };
		3EBE63C5224D055E00A16E7E /* MainScreenProtocols.swift in Sources */ = {isa = PBXBuildFile; fileRef = 3EBE63C1224D055E00A16E7E /* MainScreenProtocols.swift */; };
		3EBE63C7224D065100A16E7E /* AKUIView+Extensions.swift in Sources */ = {isa = PBXBuildFile; fileRef = 3EBE63C6224D065100A16E7E /* AKUIView+Extensions.swift */; };
		3EBE63CA224D065900A16E7E /* UIColor+StyleExtensions.swift in Sources */ = {isa = PBXBuildFile; fileRef = 3EBE63C8224D065900A16E7E /* UIColor+StyleExtensions.swift */; };
		3EBE63CB224D065900A16E7E /* Utils.swift in Sources */ = {isa = PBXBuildFile; fileRef = 3EBE63C9224D065900A16E7E /* Utils.swift */; };
		3EBE63D2224D144A00A16E7E /* SettingsPresenter.swift in Sources */ = {isa = PBXBuildFile; fileRef = 3EBE63CE224D144A00A16E7E /* SettingsPresenter.swift */; };
		3EBE63D3224D144A00A16E7E /* SettingsRouter.swift in Sources */ = {isa = PBXBuildFile; fileRef = 3EBE63CF224D144A00A16E7E /* SettingsRouter.swift */; };
		3EBE63D4224D144A00A16E7E /* SettingsViewController.swift in Sources */ = {isa = PBXBuildFile; fileRef = 3EBE63D0224D144A00A16E7E /* SettingsViewController.swift */; };
		3EBE63D5224D144A00A16E7E /* SettingsProtocols.swift in Sources */ = {isa = PBXBuildFile; fileRef = 3EBE63D1224D144A00A16E7E /* SettingsProtocols.swift */; };
/* End PBXBuildFile section */

/* Begin PBXFileReference section */
		3E6295D8225DE1290081EE4C /* LinkedListManager.swift */ = {isa = PBXFileReference; lastKnownFileType = sourcecode.swift; path = LinkedListManager.swift; sourceTree = "<group>"; };
		3EBE639D224D046C00A16E7E /* MyDataGit.app */ = {isa = PBXFileReference; explicitFileType = wrapper.application; includeInIndex = 0; path = MyDataGit.app; sourceTree = BUILT_PRODUCTS_DIR; };
		3EBE63A0224D046C00A16E7E /* AppDelegate.swift */ = {isa = PBXFileReference; lastKnownFileType = sourcecode.swift; path = AppDelegate.swift; sourceTree = "<group>"; };
		3EBE63A2224D046C00A16E7E /* ViewController.swift */ = {isa = PBXFileReference; lastKnownFileType = sourcecode.swift; path = ViewController.swift; sourceTree = "<group>"; };
		3EBE63A5224D046C00A16E7E /* Base */ = {isa = PBXFileReference; lastKnownFileType = file.storyboard; name = Base; path = Base.lproj/Main.storyboard; sourceTree = "<group>"; };
		3EBE63A8224D046C00A16E7E /* MyDataGit.xcdatamodel */ = {isa = PBXFileReference; lastKnownFileType = wrapper.xcdatamodel; path = MyDataGit.xcdatamodel; sourceTree = "<group>"; };
		3EBE63AA224D046D00A16E7E /* Assets.xcassets */ = {isa = PBXFileReference; lastKnownFileType = folder.assetcatalog; path = Assets.xcassets; sourceTree = "<group>"; };
		3EBE63AD224D046D00A16E7E /* Base */ = {isa = PBXFileReference; lastKnownFileType = file.storyboard; name = Base; path = Base.lproj/LaunchScreen.storyboard; sourceTree = "<group>"; };
		3EBE63AF224D046D00A16E7E /* Info.plist */ = {isa = PBXFileReference; lastKnownFileType = text.plist.xml; path = Info.plist; sourceTree = "<group>"; };
		3EBE63BE224D055E00A16E7E /* MainScreenPresenter.swift */ = {isa = PBXFileReference; lastKnownFileType = sourcecode.swift; path = MainScreenPresenter.swift; sourceTree = "<group>"; };
		3EBE63BF224D055E00A16E7E /* MainScreenRouter.swift */ = {isa = PBXFileReference; lastKnownFileType = sourcecode.swift; path = MainScreenRouter.swift; sourceTree = "<group>"; };
		3EBE63C0224D055E00A16E7E /* MainScreenViewController.swift */ = {isa = PBXFileReference; lastKnownFileType = sourcecode.swift; path = MainScreenViewController.swift; sourceTree = "<group>"; };
		3EBE63C1224D055E00A16E7E /* MainScreenProtocols.swift */ = {isa = PBXFileReference; lastKnownFileType = sourcecode.swift; path = MainScreenProtocols.swift; sourceTree = "<group>"; };
		3EBE63C6224D065100A16E7E /* AKUIView+Extensions.swift */ = {isa = PBXFileReference; fileEncoding = 4; lastKnownFileType = sourcecode.swift; path = "AKUIView+Extensions.swift"; sourceTree = "<group>"; };
		3EBE63C8224D065900A16E7E /* UIColor+StyleExtensions.swift */ = {isa = PBXFileReference; fileEncoding = 4; lastKnownFileType = sourcecode.swift; path = "UIColor+StyleExtensions.swift"; sourceTree = "<group>"; };
		3EBE63C9224D065900A16E7E /* Utils.swift */ = {isa = PBXFileReference; fileEncoding = 4; lastKnownFileType = sourcecode.swift; path = Utils.swift; sourceTree = "<group>"; };
		3EBE63CE224D144A00A16E7E /* SettingsPresenter.swift */ = {isa = PBXFileReference; lastKnownFileType = sourcecode.swift; path = SettingsPresenter.swift; sourceTree = "<group>"; };
		3EBE63CF224D144A00A16E7E /* SettingsRouter.swift */ = {isa = PBXFileReference; lastKnownFileType = sourcecode.swift; path = SettingsRouter.swift; sourceTree = "<group>"; };
		3EBE63D0224D144A00A16E7E /* SettingsViewController.swift */ = {isa = PBXFileReference; lastKnownFileType = sourcecode.swift; path = SettingsViewController.swift; sourceTree = "<group>"; };
		3EBE63D1224D144A00A16E7E /* SettingsProtocols.swift */ = {isa = PBXFileReference; lastKnownFileType = sourcecode.swift; path = SettingsProtocols.swift; sourceTree = "<group>"; };
/* End PBXFileReference section */

/* Begin PBXFrameworksBuildPhase section */
		3EBE639A224D046C00A16E7E /* Frameworks */ = {
			isa = PBXFrameworksBuildPhase;
			buildActionMask = 2147483647;
			files = (
			);
			runOnlyForDeploymentPostprocessing = 0;
		};
/* End PBXFrameworksBuildPhase section */

/* Begin PBXGroup section */
		3EBE6394224D046C00A16E7E = {
			isa = PBXGroup;
			children = (
				3EBE639F224D046C00A16E7E /* MyDataGit */,
				3EBE639E224D046C00A16E7E /* Products */,
			);
			sourceTree = "<group>";
		};
		3EBE639E224D046C00A16E7E /* Products */ = {
			isa = PBXGroup;
			children = (
				3EBE639D224D046C00A16E7E /* MyDataGit.app */,
			);
			name = Products;
			sourceTree = "<group>";
		};
		3EBE639F224D046C00A16E7E /* MyDataGit */ = {
			isa = PBXGroup;
			children = (
				3EBE63CD224D142E00A16E7E /* Settings */,
				3EBE63BD224D053700A16E7E /* Main screen */,
				3EBE63A0224D046C00A16E7E /* AppDelegate.swift */,
				3EBE63A2224D046C00A16E7E /* ViewController.swift */,
				3EBE63C6224D065100A16E7E /* AKUIView+Extensions.swift */,
				3EBE63C8224D065900A16E7E /* UIColor+StyleExtensions.swift */,
				3EBE63C9224D065900A16E7E /* Utils.swift */,
				3E6295D8225DE1290081EE4C /* LinkedListManager.swift */,
				3EBE63A4224D046C00A16E7E /* Main.storyboard */,
				3EBE63AA224D046D00A16E7E /* Assets.xcassets */,
				3EBE63AC224D046D00A16E7E /* LaunchScreen.storyboard */,
				3EBE63AF224D046D00A16E7E /* Info.plist */,
				3EBE63A7224D046C00A16E7E /* MyDataGit.xcdatamodeld */,
			);
			path = MyDataGit;
			sourceTree = "<group>";
		};
		3EBE63BD224D053700A16E7E /* Main screen */ = {
			isa = PBXGroup;
			children = (
				3EBE63BE224D055E00A16E7E /* MainScreenPresenter.swift */,
				3EBE63BF224D055E00A16E7E /* MainScreenRouter.swift */,
				3EBE63C0224D055E00A16E7E /* MainScreenViewController.swift */,
				3EBE63C1224D055E00A16E7E /* MainScreenProtocols.swift */,
			);
			path = "Main screen";
			sourceTree = "<group>";
		};
		3EBE63CD224D142E00A16E7E /* Settings */ = {
			isa = PBXGroup;
			children = (
				3EBE63CE224D144A00A16E7E /* SettingsPresenter.swift */,
				3EBE63CF224D144A00A16E7E /* SettingsRouter.swift */,
				3EBE63D0224D144A00A16E7E /* SettingsViewController.swift */,
				3EBE63D1224D144A00A16E7E /* SettingsProtocols.swift */,
			);
			path = Settings;
			sourceTree = "<group>";
		};
/* End PBXGroup section */

/* Begin PBXNativeTarget section */
		3EBE639C224D046C00A16E7E /* MyDataGit */ = {
			isa = PBXNativeTarget;
			buildConfigurationList = 3EBE63B2224D046D00A16E7E /* Build configuration list for PBXNativeTarget "MyDataGit" */;
			buildPhases = (
				3EBE6399224D046C00A16E7E /* Sources */,
				3EBE639A224D046C00A16E7E /* Frameworks */,
				3EBE639B224D046C00A16E7E /* Resources */,
			);
			buildRules = (
			);
			dependencies = (
			);
			name = MyDataGit;
			productName = MyDataGit;
			productReference = 3EBE639D224D046C00A16E7E /* MyDataGit.app */;
			productType = "com.apple.product-type.application";
		};
/* End PBXNativeTarget section */

/* Begin PBXProject section */
		3EBE6395224D046C00A16E7E /* Project object */ = {
			isa = PBXProject;
			attributes = {
				LastSwiftUpdateCheck = 1020;
				LastUpgradeCheck = 1020;
				ORGANIZATIONNAME = "Andrey Kulinskiy";
				TargetAttributes = {
					3EBE639C224D046C00A16E7E = {
						CreatedOnToolsVersion = 10.2;
					};
				};
			};
			buildConfigurationList = 3EBE6398224D046C00A16E7E /* Build configuration list for PBXProject "MyDataGit" */;
			compatibilityVersion = "Xcode 9.3";
			developmentRegion = en;
			hasScannedForEncodings = 0;
			knownRegions = (
				en,
				Base,
			);
			mainGroup = 3EBE6394224D046C00A16E7E;
			productRefGroup = 3EBE639E224D046C00A16E7E /* Products */;
			projectDirPath = "";
			projectRoot = "";
			targets = (
				3EBE639C224D046C00A16E7E /* MyDataGit */,
			);
		};
/* End PBXProject section */

/* Begin PBXResourcesBuildPhase section */
		3EBE639B224D046C00A16E7E /* Resources */ = {
			isa = PBXResourcesBuildPhase;
			buildActionMask = 2147483647;
			files = (
				3EBE63AE224D046D00A16E7E /* LaunchScreen.storyboard in Resources */,
				3EBE63AB224D046D00A16E7E /* Assets.xcassets in Resources */,
				3EBE63A6224D046C00A16E7E /* Main.storyboard in Resources */,
			);
			runOnlyForDeploymentPostprocessing = 0;
		};
/* End PBXResourcesBuildPhase section */

/* Begin PBXSourcesBuildPhase section */
		3EBE6399224D046C00A16E7E /* Sources */ = {
			isa = PBXSourcesBuildPhase;
			buildActionMask = 2147483647;
			files = (
				3EBE63A3224D046C00A16E7E /* ViewController.swift in Sources */,
				3EBE63CA224D065900A16E7E /* UIColor+StyleExtensions.swift in Sources */,
				3EBE63D5224D144A00A16E7E /* SettingsProtocols.swift in Sources */,
				3EBE63C2224D055E00A16E7E /* MainScreenPresenter.swift in Sources */,
				3EBE63A9224D046C00A16E7E /* MyDataGit.xcdatamodeld in Sources */,
				3EBE63C5224D055E00A16E7E /* MainScreenProtocols.swift in Sources */,
				3E6295D9225DE1290081EE4C /* LinkedListManager.swift in Sources */,
				3EBE63CB224D065900A16E7E /* Utils.swift in Sources */,
				3EBE63C7224D065100A16E7E /* AKUIView+Extensions.swift in Sources */,
				3EBE63D2224D144A00A16E7E /* SettingsPresenter.swift in Sources */,
				3EBE63C3224D055E00A16E7E /* MainScreenRouter.swift in Sources */,
				3EBE63D3224D144A00A16E7E /* SettingsRouter.swift in Sources */,
				3EBE63D4224D144A00A16E7E /* SettingsViewController.swift in Sources */,
				3EBE63A1224D046C00A16E7E /* AppDelegate.swift in Sources */,
				3EBE63C4224D055E00A16E7E /* MainScreenViewController.swift in Sources */,
			);
			runOnlyForDeploymentPostprocessing = 0;
		};
/* End PBXSourcesBuildPhase section */

/* Begin PBXVariantGroup section */
		3EBE63A4224D046C00A16E7E /* Main.storyboard */ = {
			isa = PBXVariantGroup;
			children = (
				3EBE63A5224D046C00A16E7E /* Base */,
			);
			name = Main.storyboard;
			sourceTree = "<group>";
		};
		3EBE63AC224D046D00A16E7E /* LaunchScreen.storyboard */ = {
			isa = PBXVariantGroup;
			children = (
				3EBE63AD224D046D00A16E7E /* Base */,
			);
			name = LaunchScreen.storyboard;
			sourceTree = "<group>";
		};
/* End PBXVariantGroup section */

/* Begin XCBuildConfiguration section */
		3EBE63B0224D046D00A16E7E /* Debug */ = {
			isa = XCBuildConfiguration;
			buildSettings = {
				ALWAYS_SEARCH_USER_PATHS = NO;
				CLANG_ANALYZER_NONNULL = YES;
				CLANG_ANALYZER_NUMBER_OBJECT_CONVERSION = YES_AGGRESSIVE;
				CLANG_CXX_LANGUAGE_STANDARD = "gnu++14";
				CLANG_CXX_LIBRARY = "libc++";
				CLANG_ENABLE_MODULES = YES;
				CLANG_ENABLE_OBJC_ARC = YES;
				CLANG_ENABLE_OBJC_WEAK = YES;
				CLANG_WARN_BLOCK_CAPTURE_AUTORELEASING = YES;
				CLANG_WARN_BOOL_CONVERSION = YES;
				CLANG_WARN_COMMA = YES;
				CLANG_WARN_CONSTANT_CONVERSION = YES;
				CLANG_WARN_DEPRECATED_OBJC_IMPLEMENTATIONS = YES;
				CLANG_WARN_DIRECT_OBJC_ISA_USAGE = YES_ERROR;
				CLANG_WARN_DOCUMENTATION_COMMENTS = YES;
				CLANG_WARN_EMPTY_BODY = YES;
				CLANG_WARN_ENUM_CONVERSION = YES;
				CLANG_WARN_INFINITE_RECURSION = YES;
				CLANG_WARN_INT_CONVERSION = YES;
				CLANG_WARN_NON_LITERAL_NULL_CONVERSION = YES;
				CLANG_WARN_OBJC_IMPLICIT_RETAIN_SELF = YES;
				CLANG_WARN_OBJC_LITERAL_CONVERSION = YES;
				CLANG_WARN_OBJC_ROOT_CLASS = YES_ERROR;
				CLANG_WARN_RANGE_LOOP_ANALYSIS = YES;
				CLANG_WARN_STRICT_PROTOTYPES = YES;
				CLANG_WARN_SUSPICIOUS_MOVE = YES;
				CLANG_WARN_UNGUARDED_AVAILABILITY = YES_AGGRESSIVE;
				CLANG_WARN_UNREACHABLE_CODE = YES;
				CLANG_WARN__DUPLICATE_METHOD_MATCH = YES;
				CODE_SIGN_IDENTITY = "iPhone Developer";
				COPY_PHASE_STRIP = NO;
				DEBUG_INFORMATION_FORMAT = dwarf;
				ENABLE_STRICT_OBJC_MSGSEND = YES;
				ENABLE_TESTABILITY = YES;
				GCC_C_LANGUAGE_STANDARD = gnu11;
				GCC_DYNAMIC_NO_PIC = NO;
				GCC_NO_COMMON_BLOCKS = YES;
				GCC_OPTIMIZATION_LEVEL = 0;
				GCC_PREPROCESSOR_DEFINITIONS = (
					"DEBUG=1",
					"$(inherited)",
				);
				GCC_WARN_64_TO_32_BIT_CONVERSION = YES;
				GCC_WARN_ABOUT_RETURN_TYPE = YES_ERROR;
				GCC_WARN_UNDECLARED_SELECTOR = YES;
				GCC_WARN_UNINITIALIZED_AUTOS = YES_AGGRESSIVE;
				GCC_WARN_UNUSED_FUNCTION = YES;
				GCC_WARN_UNUSED_VARIABLE = YES;
				IPHONEOS_DEPLOYMENT_TARGET = 12.2;
				MTL_ENABLE_DEBUG_INFO = INCLUDE_SOURCE;
				MTL_FAST_MATH = YES;
				ONLY_ACTIVE_ARCH = YES;
				SDKROOT = iphoneos;
				SWIFT_ACTIVE_COMPILATION_CONDITIONS = DEBUG;
				SWIFT_OPTIMIZATION_LEVEL = "-Onone";
			};
			name = Debug;
		};
		3EBE63B1224D046D00A16E7E /* Release */ = {
			isa = XCBuildConfiguration;
			buildSettings = {
				ALWAYS_SEARCH_USER_PATHS = NO;
				CLANG_ANALYZER_NONNULL = YES;
				CLANG_ANALYZER_NUMBER_OBJECT_CONVERSION = YES_AGGRESSIVE;
				CLANG_CXX_LANGUAGE_STANDARD = "gnu++14";
				CLANG_CXX_LIBRARY = "libc++";
				CLANG_ENABLE_MODULES = YES;
				CLANG_ENABLE_OBJC_ARC = YES;
				CLANG_ENABLE_OBJC_WEAK = YES;
				CLANG_WARN_BLOCK_CAPTURE_AUTORELEASING = YES;
				CLANG_WARN_BOOL_CONVERSION = YES;
				CLANG_WARN_COMMA = YES;
				CLANG_WARN_CONSTANT_CONVERSION = YES;
				CLANG_WARN_DEPRECATED_OBJC_IMPLEMENTATIONS = YES;
				CLANG_WARN_DIRECT_OBJC_ISA_USAGE = YES_ERROR;
				CLANG_WARN_DOCUMENTATION_COMMENTS = YES;
				CLANG_WARN_EMPTY_BODY = YES;
				CLANG_WARN_ENUM_CONVERSION = YES;
				CLANG_WARN_INFINITE_RECURSION = YES;
				CLANG_WARN_INT_CONVERSION = YES;
				CLANG_WARN_NON_LITERAL_NULL_CONVERSION = YES;
				CLANG_WARN_OBJC_IMPLICIT_RETAIN_SELF = YES;
				CLANG_WARN_OBJC_LITERAL_CONVERSION = YES;
				CLANG_WARN_OBJC_ROOT_CLASS = YES_ERROR;
				CLANG_WARN_RANGE_LOOP_ANALYSIS = YES;
				CLANG_WARN_STRICT_PROTOTYPES = YES;
				CLANG_WARN_SUSPICIOUS_MOVE = YES;
				CLANG_WARN_UNGUARDED_AVAILABILITY = YES_AGGRESSIVE;
				CLANG_WARN_UNREACHABLE_CODE = YES;
				CLANG_WARN__DUPLICATE_METHOD_MATCH = YES;
				CODE_SIGN_IDENTITY = "iPhone Developer";
				COPY_PHASE_STRIP = NO;
				DEBUG_INFORMATION_FORMAT = "dwarf-with-dsym";
				ENABLE_NS_ASSERTIONS = NO;
				ENABLE_STRICT_OBJC_MSGSEND = YES;
				GCC_C_LANGUAGE_STANDARD = gnu11;
				GCC_NO_COMMON_BLOCKS = YES;
				GCC_WARN_64_TO_32_BIT_CONVERSION = YES;
				GCC_WARN_ABOUT_RETURN_TYPE = YES_ERROR;
				GCC_WARN_UNDECLARED_SELECTOR = YES;
				GCC_WARN_UNINITIALIZED_AUTOS = YES_AGGRESSIVE;
				GCC_WARN_UNUSED_FUNCTION = YES;
				GCC_WARN_UNUSED_VARIABLE = YES;
				IPHONEOS_DEPLOYMENT_TARGET = 12.2;
				MTL_ENABLE_DEBUG_INFO = NO;
				MTL_FAST_MATH = YES;
				SDKROOT = iphoneos;
				SWIFT_COMPILATION_MODE = wholemodule;
				SWIFT_OPTIMIZATION_LEVEL = "-O";
				VALIDATE_PRODUCT = YES;
			};
			name = Release;
		};
		3EBE63B3224D046D00A16E7E /* Debug */ = {
			isa = XCBuildConfiguration;
			buildSettings = {
				ASSETCATALOG_COMPILER_APPICON_NAME = AppIcon;
				CODE_SIGN_STYLE = Automatic;
				INFOPLIST_FILE = MyDataGit/Info.plist;
				LD_RUNPATH_SEARCH_PATHS = (
					"$(inherited)",
					"@executable_path/Frameworks",
				);
				PRODUCT_BUNDLE_IDENTIFIER = mwdn.MyDataGit;
				PRODUCT_NAME = "$(TARGET_NAME)";
				SWIFT_VERSION = 5.0;
				TARGETED_DEVICE_FAMILY = "1,2";
			};
			name = Debug;
		};
		3EBE63B4224D046D00A16E7E /* Release */ = {
			isa = XCBuildConfiguration;
			buildSettings = {
				ASSETCATALOG_COMPILER_APPICON_NAME = AppIcon;
				CODE_SIGN_STYLE = Automatic;
				INFOPLIST_FILE = MyDataGit/Info.plist;
				LD_RUNPATH_SEARCH_PATHS = (
					"$(inherited)",
					"@executable_path/Frameworks",
				);
				PRODUCT_BUNDLE_IDENTIFIER = mwdn.MyDataGit;
				PRODUCT_NAME = "$(TARGET_NAME)";
				SWIFT_VERSION = 5.0;
				TARGETED_DEVICE_FAMILY = "1,2";
			};
			name = Release;
		};
/* End XCBuildConfiguration section */

/* Begin XCConfigurationList section */
		3EBE6398224D046C00A16E7E /* Build configuration list for PBXProject "MyDataGit" */ = {
			isa = XCConfigurationList;
			buildConfigurations = (
				3EBE63B0224D046D00A16E7E /* Debug */,
				3EBE63B1224D046D00A16E7E /* Release */,
			);
			defaultConfigurationIsVisible = 0;
			defaultConfigurationName = Release;
		};
		3EBE63B2224D046D00A16E7E /* Build configuration list for PBXNativeTarget "MyDataGit" */ = {
			isa = XCConfigurationList;
			buildConfigurations = (
				3EBE63B3224D046D00A16E7E /* Debug */,
				3EBE63B4224D046D00A16E7E /* Release */,
			);
			defaultConfigurationIsVisible = 0;
			defaultConfigurationName = Release;
		};
/* End XCConfigurationList section */

/* Begin XCVersionGroup section */
		3EBE63A7224D046C00A16E7E /* MyDataGit.xcdatamodeld */ = {
			isa = XCVersionGroup;
			children = (
				3EBE63A8224D046C00A16E7E /* MyDataGit.xcdatamodel */,
			);
			currentVersion = 3EBE63A8224D046C00A16E7E /* MyDataGit.xcdatamodel */;
			path = MyDataGit.xcdatamodeld;
			sourceTree = "<group>";
			versionGroupType = wrapper.xcdatamodel;
		};
/* End XCVersionGroup section */
	};
	rootObject = 3EBE6395224D046C00A16E7E /* Project object */;
}
